
Microsoft Visual Studio Solution File, Format Version 12.00
# Visual Studio Version 17
VisualStudioVersion = 17.4.33205.214
MinimumVisualStudioVersion = 10.0.40219.1
Project("{FAE04EC0-301F-11D3-BF4B-00C04F79EFBC}") = "ControleDeContatos", "ControleDeContatos\ControleDeContatos.csproj", "{8BF45F97-D60A-49F3-8AAD-4E450C72C9D8}"
EndProject
Global
	GlobalSection(SolutionConfigurationPlatforms) = preSolution
		Debug|Any CPU = Debug|Any CPU
		Release|Any CPU = Release|Any CPU
	EndGlobalSection
	GlobalSection(ProjectConfigurationPlatforms) = postSolution
		{8BF45F97-D60A-49F3-8AAD-4E450C72C9D8}.Debug|Any CPU.ActiveCfg = Debug|Any CPU
		{8BF45F97-D60A-49F3-8AAD-4E450C72C9D8}.Debug|Any CPU.Build.0 = Debug|Any CPU
		{8BF45F97-D60A-49F3-8AAD-4E450C72C9D8}.Release|Any CPU.ActiveCfg = Release|Any CPU
		{8BF45F97-D60A-49F3-8AAD-4E450C72C9D8}.Release|Any CPU.Build.0 = Release|Any CPU
	EndGlobalSection
	GlobalSection(SolutionProperties) = preSolution
		HideSolutionNode = FALSE
	EndGlobalSection
	GlobalSection(ExtensibilityGlobals) = postSolution
		SolutionGuid = {8AC7BE2A-841C-408F-A69E-89402B798AFD}
	EndGlobalSection
EndGlobal
